// !$*UTF8*$!
{
	archiveVersion = 1;
	classes = {
	};
	objectVersion = 46;
	objects = {

/* Begin PBXBuildFile section */
		C406994E1C39B33800E445F7 /* reaper_plugin.h in Headers */ = {isa = PBXBuildFile; fileRef = C406994D1C39B33800E445F7 /* reaper_plugin.h */; };
		C40699501C39B34300E445F7 /* reaper_plugin_functions.h in Headers */ = {isa = PBXBuildFile; fileRef = C406994F1C39B34300E445F7 /* reaper_plugin_functions.h */; };
		C42AC6CF1C274B6A00FAE97E /* reascriptgui.h in Headers */ = {isa = PBXBuildFile; fileRef = C42AC6CE1C274B6A00FAE97E /* reascriptgui.h */; };
		C42AC6D11C274B7500FAE97E /* reascriptgui.cpp in Sources */ = {isa = PBXBuildFile; fileRef = C42AC6D01C274B7500FAE97E /* reascriptgui.cpp */; };
		C42AC6D31C27AB1D00FAE97E /* lice_textnew.cpp in Sources */ = {isa = PBXBuildFile; fileRef = C42AC6D21C27AB1D00FAE97E /* lice_textnew.cpp */; };
		C43CE9AB1C2CDB4B00315BC9 /* mrpexamplewindows.h in Headers */ = {isa = PBXBuildFile; fileRef = C43CE9AA1C2CDB4B00315BC9 /* mrpexamplewindows.h */; };
		C43CE9AD1C2CDB5500315BC9 /* mrpexamplewindows.cpp in Sources */ = {isa = PBXBuildFile; fileRef = C43CE9AC1C2CDB5500315BC9 /* mrpexamplewindows.cpp */; };
		C442007E1C2139AD00CFE1B2 /* reaper_function_helper.cpp in Sources */ = {isa = PBXBuildFile; fileRef = C442007D1C2139AD00CFE1B2 /* reaper_function_helper.cpp */; };
		C44200801C2139C100CFE1B2 /* reaper_function_helper.h in Headers */ = {isa = PBXBuildFile; fileRef = C442007F1C2139C100CFE1B2 /* reaper_function_helper.h */; };
		C464FFCB1C2E1E910023C734 /* mrp_pcm_source.h in Headers */ = {isa = PBXBuildFile; fileRef = C464FFCA1C2E1E910023C734 /* mrp_pcm_source.h */; };
		C464FFCD1C2E1E9F0023C734 /* mrp_pcm_source.cpp in Sources */ = {isa = PBXBuildFile; fileRef = C464FFCC1C2E1E9F0023C734 /* mrp_pcm_source.cpp */; };
		C477BA3E1C2AC74500113894 /* mrpwindows.h in Headers */ = {isa = PBXBuildFile; fileRef = C477BA3D1C2AC74500113894 /* mrpwindows.h */; };
		C484E68D1C1BAD49005C6CCC /* swell-dlg.mm in Sources */ = {isa = PBXBuildFile; fileRef = C484E6851C1BAD49005C6CCC /* swell-dlg.mm */; };
		C484E68E1C1BAD49005C6CCC /* swell-gdi.mm in Sources */ = {isa = PBXBuildFile; fileRef = C484E6861C1BAD49005C6CCC /* swell-gdi.mm */; };
		C484E68F1C1BAD49005C6CCC /* swell-kb.mm in Sources */ = {isa = PBXBuildFile; fileRef = C484E6871C1BAD49005C6CCC /* swell-kb.mm */; };
		C484E6901C1BAD49005C6CCC /* swell-menu.mm in Sources */ = {isa = PBXBuildFile; fileRef = C484E6881C1BAD49005C6CCC /* swell-menu.mm */; };
		C484E6911C1BAD49005C6CCC /* swell-misc.mm in Sources */ = {isa = PBXBuildFile; fileRef = C484E6891C1BAD49005C6CCC /* swell-misc.mm */; };
		C484E6921C1BAD49005C6CCC /* swell-miscdlg.mm in Sources */ = {isa = PBXBuildFile; fileRef = C484E68A1C1BAD49005C6CCC /* swell-miscdlg.mm */; };
		C484E6931C1BAD49005C6CCC /* swell-wnd.mm in Sources */ = {isa = PBXBuildFile; fileRef = C484E68B1C1BAD49005C6CCC /* swell-wnd.mm */; };
		C484E6941C1BAD49005C6CCC /* swell.cpp in Sources */ = {isa = PBXBuildFile; fileRef = C484E68C1C1BAD49005C6CCC /* swell.cpp */; };
		C484E69A1C1BAE94005C6CCC /* lice_arc.cpp in Sources */ = {isa = PBXBuildFile; fileRef = C484E6971C1BAE94005C6CCC /* lice_arc.cpp */; };
		C484E69B1C1BAE94005C6CCC /* lice_line.cpp in Sources */ = {isa = PBXBuildFile; fileRef = C484E6981C1BAE94005C6CCC /* lice_line.cpp */; };
		C484E69C1C1BAE94005C6CCC /* lice.cpp in Sources */ = {isa = PBXBuildFile; fileRef = C484E6991C1BAE94005C6CCC /* lice.cpp */; };
		C486064D1C1A3C4000186D68 /* resource.h in Headers */ = {isa = PBXBuildFile; fileRef = C486064C1C1A3C4000186D68 /* resource.h */; };
		C486A0C41C238CFC00FF41C8 /* reascript.hpp in Headers */ = {isa = PBXBuildFile; fileRef = C486A0C31C238CFC00FF41C8 /* reascript.hpp */; };
		C49593F11C4EFCA0007C6C9B /* httpget.cpp in Sources */ = {isa = PBXBuildFile; fileRef = C49593F01C4EFCA0007C6C9B /* httpget.cpp */; };
		C49593F31C4EFCB7007C6C9B /* connection.cpp in Sources */ = {isa = PBXBuildFile; fileRef = C49593F21C4EFCB7007C6C9B /* connection.cpp */; };
		C49593F51C4EFCD1007C6C9B /* asyncdns.cpp in Sources */ = {isa = PBXBuildFile; fileRef = C49593F41C4EFCD1007C6C9B /* asyncdns.cpp */; };
		C49593F71C4EFCFD007C6C9B /* listen.cpp in Sources */ = {isa = PBXBuildFile; fileRef = C49593F61C4EFCFD007C6C9B /* listen.cpp */; };
		C49593F91C4EFD1A007C6C9B /* util.cpp in Sources */ = {isa = PBXBuildFile; fileRef = C49593F81C4EFD1A007C6C9B /* util.cpp */; };
		C4A03BFF1C2A2A6A009E1DC3 /* mrpwincontrols.cpp in Sources */ = {isa = PBXBuildFile; fileRef = C4A03BFE1C2A2A6A009E1DC3 /* mrpwincontrols.cpp */; };
		C4A03C011C2A4A58009E1DC3 /* mrpwindows.cpp in Sources */ = {isa = PBXBuildFile; fileRef = C4A03C001C2A4A58009E1DC3 /* mrpwindows.cpp */; };
		C4A793BF1C28F59000C60DC9 /* mylicecontrols.h in Headers */ = {isa = PBXBuildFile; fileRef = C4A793BE1C28F59000C60DC9 /* mylicecontrols.h */; };
		C4A793C11C28F59900C60DC9 /* lice_control.cpp in Sources */ = {isa = PBXBuildFile; fileRef = C4A793C01C28F59900C60DC9 /* lice_control.cpp */; };
		C4A793C31C28F5DE00C60DC9 /* mylicecontrols.cpp in Sources */ = {isa = PBXBuildFile; fileRef = C4A793C21C28F5DE00C60DC9 /* mylicecontrols.cpp */; };
		C4A980F01C41D9E300532AF5 /* mrp_audioaccessor.h in Headers */ = {isa = PBXBuildFile; fileRef = C4A980EF1C41D9E300532AF5 /* mrp_audioaccessor.h */; };
		C4C574211C1F87D900A1CE31 /* lice_control.h in Headers */ = {isa = PBXBuildFile; fileRef = C4C574201C1F87D900A1CE31 /* lice_control.h */; };
		C4C6FAAB1C3F19C300269A5A /* xendynamicprocessor.cpp in Sources */ = {isa = PBXBuildFile; fileRef = C4C6FAAA1C3F19C300269A5A /* xendynamicprocessor.cpp */; };
		C4C6FAAD1C3F19D100269A5A /* xendynamicsprocessor.h in Headers */ = {isa = PBXBuildFile; fileRef = C4C6FAAC1C3F19D100269A5A /* xendynamicsprocessor.h */; };
		C4C79FAD1C2EA84300D83955 /* mrpwincontrols.h in Headers */ = {isa = PBXBuildFile; fileRef = C4C79FAC1C2EA84300D83955 /* mrpwincontrols.h */; };
		C4D434BA1C1A41E3005DFFD3 /* Carbon.framework in Frameworks */ = {isa = PBXBuildFile; fileRef = C4D434B81C1A41E3005DFFD3 /* Carbon.framework */; };
		C4D434BB1C1A41E3005DFFD3 /* Cocoa.framework in Frameworks */ = {isa = PBXBuildFile; fileRef = C4D434B91C1A41E3005DFFD3 /* Cocoa.framework */; };
		C4DED3B71C20E16B00275B4A /* utilfuncs.cpp in Sources */ = {isa = PBXBuildFile; fileRef = C4DED3B61C20E16B00275B4A /* utilfuncs.cpp */; };
		C4DED3BC1C20EB2B00275B4A /* reaper_action_helper.cpp in Sources */ = {isa = PBXBuildFile; fileRef = C4DED3BB1C20EB2B00275B4A /* reaper_action_helper.cpp */; };
		E3E1DB0D1C18C67100D648F5 /* main.cpp in Sources */ = {isa = PBXBuildFile; fileRef = E3248BDE1C17C8BA00308A5F /* main.cpp */; };
		E3E1DB111C18C67100D648F5 /* main.hpp in Headers */ = {isa = PBXBuildFile; fileRef = E3248BDB1C17C8AF00308A5F /* main.hpp */; };
		E3EAC67E1C1C99D800F619AA /* MyFirstClass.cpp in Sources */ = {isa = PBXBuildFile; fileRef = E3EAC67D1C1C99D800F619AA /* MyFirstClass.cpp */; };
		E3EAC6801C1C99E500F619AA /* MyFirstClass.hpp in Headers */ = {isa = PBXBuildFile; fileRef = E3EAC67F1C1C99E500F619AA /* MyFirstClass.hpp */; };
/* End PBXBuildFile section */

/* Begin PBXFileReference section */
		C406994D1C39B33800E445F7 /* reaper_plugin.h */ = {isa = PBXFileReference; fileEncoding = 4; lastKnownFileType = sourcecode.c.h; name = reaper_plugin.h; path = ../library/reaper_plugin/reaper_plugin.h; sourceTree = "<group>"; };
		C406994F1C39B34300E445F7 /* reaper_plugin_functions.h */ = {isa = PBXFileReference; fileEncoding = 4; lastKnownFileType = sourcecode.c.h; name = reaper_plugin_functions.h; path = ../library/reaper_plugin/reaper_plugin_functions.h; sourceTree = "<group>"; };
		C42AC6CE1C274B6A00FAE97E /* reascriptgui.h */ = {isa = PBXFileReference; fileEncoding = 4; lastKnownFileType = sourcecode.c.h; name = reascriptgui.h; path = ../header/reascriptgui.h; sourceTree = "<group>"; };
		C42AC6D01C274B7500FAE97E /* reascriptgui.cpp */ = {isa = PBXFileReference; fileEncoding = 4; lastKnownFileType = sourcecode.cpp.cpp; name = reascriptgui.cpp; path = ../source/reascriptgui.cpp; sourceTree = "<group>"; };
		C42AC6D21C27AB1D00FAE97E /* lice_textnew.cpp */ = {isa = PBXFileReference; fileEncoding = 4; lastKnownFileType = sourcecode.cpp.cpp; name = lice_textnew.cpp; path = ../library/WDL/WDL/lice/lice_textnew.cpp; sourceTree = "<group>"; };
		C43CE9AA1C2CDB4B00315BC9 /* mrpexamplewindows.h */ = {isa = PBXFileReference; fileEncoding = 4; lastKnownFileType = sourcecode.c.h; name = mrpexamplewindows.h; path = ../header/mrpexamplewindows.h; sourceTree = "<group>"; };
		C43CE9AC1C2CDB5500315BC9 /* mrpexamplewindows.cpp */ = {isa = PBXFileReference; fileEncoding = 4; lastKnownFileType = sourcecode.cpp.cpp; name = mrpexamplewindows.cpp; path = ../source/mrpexamplewindows.cpp; sourceTree = "<group>"; };
		C442007D1C2139AD00CFE1B2 /* reaper_function_helper.cpp */ = {isa = PBXFileReference; fileEncoding = 4; lastKnownFileType = sourcecode.cpp.cpp; name = reaper_function_helper.cpp; path = ../source/reaper_function_helper.cpp; sourceTree = "<group>"; };
		C442007F1C2139C100CFE1B2 /* reaper_function_helper.h */ = {isa = PBXFileReference; fileEncoding = 4; lastKnownFileType = sourcecode.c.h; name = reaper_function_helper.h; path = ../header/reaper_function_helper.h; sourceTree = "<group>"; };
		C464FFCA1C2E1E910023C734 /* mrp_pcm_source.h */ = {isa = PBXFileReference; fileEncoding = 4; lastKnownFileType = sourcecode.c.h; name = mrp_pcm_source.h; path = ../header/mrp_pcm_source.h; sourceTree = "<group>"; };
		C464FFCC1C2E1E9F0023C734 /* mrp_pcm_source.cpp */ = {isa = PBXFileReference; fileEncoding = 4; lastKnownFileType = sourcecode.cpp.cpp; name = mrp_pcm_source.cpp; path = ../source/mrp_pcm_source.cpp; sourceTree = "<group>"; };
		C477BA3D1C2AC74500113894 /* mrpwindows.h */ = {isa = PBXFileReference; fileEncoding = 4; lastKnownFileType = sourcecode.c.h; name = mrpwindows.h; path = ../header/mrpwindows.h; sourceTree = "<group>"; };
		C484E6851C1BAD49005C6CCC /* swell-dlg.mm */ = {isa = PBXFileReference; fileEncoding = 4; lastKnownFileType = sourcecode.cpp.objcpp; name = "swell-dlg.mm"; path = "../library/WDL/WDL/swell/swell-dlg.mm"; sourceTree = "<group>"; };
		C484E6861C1BAD49005C6CCC /* swell-gdi.mm */ = {isa = PBXFileReference; fileEncoding = 4; lastKnownFileType = sourcecode.cpp.objcpp; name = "swell-gdi.mm"; path = "../library/WDL/WDL/swell/swell-gdi.mm"; sourceTree = "<group>"; };
		C484E6871C1BAD49005C6CCC /* swell-kb.mm */ = {isa = PBXFileReference; fileEncoding = 4; lastKnownFileType = sourcecode.cpp.objcpp; name = "swell-kb.mm"; path = "../library/WDL/WDL/swell/swell-kb.mm"; sourceTree = "<group>"; };
		C484E6881C1BAD49005C6CCC /* swell-menu.mm */ = {isa = PBXFileReference; fileEncoding = 4; lastKnownFileType = sourcecode.cpp.objcpp; name = "swell-menu.mm"; path = "../library/WDL/WDL/swell/swell-menu.mm"; sourceTree = "<group>"; };
		C484E6891C1BAD49005C6CCC /* swell-misc.mm */ = {isa = PBXFileReference; fileEncoding = 4; lastKnownFileType = sourcecode.cpp.objcpp; name = "swell-misc.mm"; path = "../library/WDL/WDL/swell/swell-misc.mm"; sourceTree = "<group>"; };
		C484E68A1C1BAD49005C6CCC /* swell-miscdlg.mm */ = {isa = PBXFileReference; fileEncoding = 4; lastKnownFileType = sourcecode.cpp.objcpp; name = "swell-miscdlg.mm"; path = "../library/WDL/WDL/swell/swell-miscdlg.mm"; sourceTree = "<group>"; };
		C484E68B1C1BAD49005C6CCC /* swell-wnd.mm */ = {isa = PBXFileReference; fileEncoding = 4; lastKnownFileType = sourcecode.cpp.objcpp; name = "swell-wnd.mm"; path = "../library/WDL/WDL/swell/swell-wnd.mm"; sourceTree = "<group>"; };
		C484E68C1C1BAD49005C6CCC /* swell.cpp */ = {isa = PBXFileReference; fileEncoding = 4; lastKnownFileType = sourcecode.cpp.cpp; name = swell.cpp; path = ../library/WDL/WDL/swell/swell.cpp; sourceTree = "<group>"; };
		C484E6971C1BAE94005C6CCC /* lice_arc.cpp */ = {isa = PBXFileReference; fileEncoding = 4; lastKnownFileType = sourcecode.cpp.cpp; name = lice_arc.cpp; path = ../library/WDL/WDL/lice/lice_arc.cpp; sourceTree = "<group>"; };
		C484E6981C1BAE94005C6CCC /* lice_line.cpp */ = {isa = PBXFileReference; fileEncoding = 4; lastKnownFileType = sourcecode.cpp.cpp; name = lice_line.cpp; path = ../library/WDL/WDL/lice/lice_line.cpp; sourceTree = "<group>"; };
		C484E6991C1BAE94005C6CCC /* lice.cpp */ = {isa = PBXFileReference; fileEncoding = 4; lastKnownFileType = sourcecode.cpp.cpp; name = lice.cpp; path = ../library/WDL/WDL/lice/lice.cpp; sourceTree = "<group>"; };
		C484E69F1C1BB435005C6CCC /* utilfuncs.h */ = {isa = PBXFileReference; lastKnownFileType = sourcecode.c.h; name = utilfuncs.h; path = ../header/utilfuncs.h; sourceTree = "<group>"; };
		C486064C1C1A3C4000186D68 /* resource.h */ = {isa = PBXFileReference; fileEncoding = 4; lastKnownFileType = sourcecode.c.h; name = resource.h; path = "../Visual Studio/resource.h"; sourceTree = "<group>"; };
		C486A0C31C238CFC00FF41C8 /* reascript.hpp */ = {isa = PBXFileReference; fileEncoding = 4; lastKnownFileType = sourcecode.cpp.h; name = reascript.hpp; path = ../reascript.hpp; sourceTree = "<group>"; };
		C49593F01C4EFCA0007C6C9B /* httpget.cpp */ = {isa = PBXFileReference; fileEncoding = 4; lastKnownFileType = sourcecode.cpp.cpp; name = httpget.cpp; path = ../../WDL/WDL/jnetlib/httpget.cpp; sourceTree = "<group>"; };
		C49593F21C4EFCB7007C6C9B /* connection.cpp */ = {isa = PBXFileReference; fileEncoding = 4; lastKnownFileType = sourcecode.cpp.cpp; name = connection.cpp; path = ../../WDL/WDL/jnetlib/connection.cpp; sourceTree = "<group>"; };
		C49593F41C4EFCD1007C6C9B /* asyncdns.cpp */ = {isa = PBXFileReference; fileEncoding = 4; lastKnownFileType = sourcecode.cpp.cpp; name = asyncdns.cpp; path = ../../WDL/WDL/jnetlib/asyncdns.cpp; sourceTree = "<group>"; };
		C49593F61C4EFCFD007C6C9B /* listen.cpp */ = {isa = PBXFileReference; fileEncoding = 4; lastKnownFileType = sourcecode.cpp.cpp; name = listen.cpp; path = ../../WDL/WDL/jnetlib/listen.cpp; sourceTree = "<group>"; };
		C49593F81C4EFD1A007C6C9B /* util.cpp */ = {isa = PBXFileReference; fileEncoding = 4; lastKnownFileType = sourcecode.cpp.cpp; name = util.cpp; path = ../../WDL/WDL/jnetlib/util.cpp; sourceTree = "<group>"; };
		C4A03BFE1C2A2A6A009E1DC3 /* mrpwincontrols.cpp */ = {isa = PBXFileReference; fileEncoding = 4; lastKnownFileType = sourcecode.cpp.cpp; name = mrpwincontrols.cpp; path = ../source/mrpwincontrols.cpp; sourceTree = "<group>"; };
		C4A03C001C2A4A58009E1DC3 /* mrpwindows.cpp */ = {isa = PBXFileReference; fileEncoding = 4; lastKnownFileType = sourcecode.cpp.cpp; name = mrpwindows.cpp; path = ../source/mrpwindows.cpp; sourceTree = "<group>"; };
		C4A793BE1C28F59000C60DC9 /* mylicecontrols.h */ = {isa = PBXFileReference; fileEncoding = 4; lastKnownFileType = sourcecode.c.h; name = mylicecontrols.h; path = ../header/mylicecontrols.h; sourceTree = "<group>"; };
		C4A793C01C28F59900C60DC9 /* lice_control.cpp */ = {isa = PBXFileReference; fileEncoding = 4; lastKnownFileType = sourcecode.cpp.cpp; name = lice_control.cpp; path = ../source/lice_control.cpp; sourceTree = "<group>"; };
		C4A793C21C28F5DE00C60DC9 /* mylicecontrols.cpp */ = {isa = PBXFileReference; fileEncoding = 4; lastKnownFileType = sourcecode.cpp.cpp; name = mylicecontrols.cpp; path = ../source/mylicecontrols.cpp; sourceTree = "<group>"; };
		C4A980EF1C41D9E300532AF5 /* mrp_audioaccessor.h */ = {isa = PBXFileReference; fileEncoding = 4; lastKnownFileType = sourcecode.c.h; name = mrp_audioaccessor.h; path = ../header/mrp_audioaccessor.h; sourceTree = "<group>"; };
		C4C574201C1F87D900A1CE31 /* lice_control.h */ = {isa = PBXFileReference; fileEncoding = 4; lastKnownFileType = sourcecode.c.h; name = lice_control.h; path = ../header/lice_control.h; sourceTree = "<group>"; };
		C4C6FAAA1C3F19C300269A5A /* xendynamicprocessor.cpp */ = {isa = PBXFileReference; fileEncoding = 4; lastKnownFileType = sourcecode.cpp.cpp; name = xendynamicprocessor.cpp; path = ../source/xendynamicprocessor.cpp; sourceTree = "<group>"; };
		C4C6FAAC1C3F19D100269A5A /* xendynamicsprocessor.h */ = {isa = PBXFileReference; fileEncoding = 4; lastKnownFileType = sourcecode.c.h; name = xendynamicsprocessor.h; path = ../header/xendynamicsprocessor.h; sourceTree = "<group>"; };
		C4C79FAC1C2EA84300D83955 /* mrpwincontrols.h */ = {isa = PBXFileReference; fileEncoding = 4; lastKnownFileType = sourcecode.c.h; name = mrpwincontrols.h; path = ../header/mrpwincontrols.h; sourceTree = "<group>"; };
		C4D434B81C1A41E3005DFFD3 /* Carbon.framework */ = {isa = PBXFileReference; lastKnownFileType = wrapper.framework; name = Carbon.framework; path = System/Library/Frameworks/Carbon.framework; sourceTree = SDKROOT; };
		C4D434B91C1A41E3005DFFD3 /* Cocoa.framework */ = {isa = PBXFileReference; lastKnownFileType = wrapper.framework; name = Cocoa.framework; path = System/Library/Frameworks/Cocoa.framework; sourceTree = SDKROOT; };
		C4DED3B61C20E16B00275B4A /* utilfuncs.cpp */ = {isa = PBXFileReference; fileEncoding = 4; lastKnownFileType = sourcecode.cpp.cpp; name = utilfuncs.cpp; path = ../source/utilfuncs.cpp; sourceTree = "<group>"; };
		C4DED3BA1C20EA9000275B4A /* reaper_action_helper.h */ = {isa = PBXFileReference; lastKnownFileType = sourcecode.c.h; name = reaper_action_helper.h; path = ../header/reaper_action_helper.h; sourceTree = "<group>"; };
		C4DED3BB1C20EB2B00275B4A /* reaper_action_helper.cpp */ = {isa = PBXFileReference; fileEncoding = 4; lastKnownFileType = sourcecode.cpp.cpp; name = reaper_action_helper.cpp; path = ../source/reaper_action_helper.cpp; sourceTree = "<group>"; };
		E3248BDB1C17C8AF00308A5F /* main.hpp */ = {isa = PBXFileReference; fileEncoding = 4; lastKnownFileType = sourcecode.cpp.h; name = main.hpp; path = ../main.hpp; sourceTree = "<group>"; };
		E3248BDE1C17C8BA00308A5F /* main.cpp */ = {isa = PBXFileReference; fileEncoding = 4; lastKnownFileType = sourcecode.cpp.cpp; name = main.cpp; path = ../main.cpp; sourceTree = "<group>"; };
		E3E1DB161C18C67100D648F5 /* reaper_MyReaperPlugin.dylib */ = {isa = PBXFileReference; explicitFileType = "compiled.mach-o.dylib"; includeInIndex = 0; path = reaper_MyReaperPlugin.dylib; sourceTree = BUILT_PRODUCTS_DIR; };
		E3EAC67D1C1C99D800F619AA /* MyFirstClass.cpp */ = {isa = PBXFileReference; fileEncoding = 4; lastKnownFileType = sourcecode.cpp.cpp; name = MyFirstClass.cpp; path = ../source/MyFirstClass.cpp; sourceTree = "<group>"; };
		E3EAC67F1C1C99E500F619AA /* MyFirstClass.hpp */ = {isa = PBXFileReference; fileEncoding = 4; lastKnownFileType = sourcecode.cpp.h; name = MyFirstClass.hpp; path = ../header/MyFirstClass.hpp; sourceTree = "<group>"; };
/* End PBXFileReference section */

/* Begin PBXFrameworksBuildPhase section */
		E3E1DB0E1C18C67100D648F5 /* Frameworks */ = {
			isa = PBXFrameworksBuildPhase;
			buildActionMask = 2147483647;
			files = (
				C4D434BA1C1A41E3005DFFD3 /* Carbon.framework in Frameworks */,
				C4D434BB1C1A41E3005DFFD3 /* Cocoa.framework in Frameworks */,
			);
			runOnlyForDeploymentPostprocessing = 0;
		};
/* End PBXFrameworksBuildPhase section */

/* Begin PBXGroup section */
		C479315B1BE9799D00C024D1 = {
			isa = PBXGroup;
			children = (
				C4D434B81C1A41E3005DFFD3 /* Carbon.framework */,
				C4D434B91C1A41E3005DFFD3 /* Cocoa.framework */,
				E3248BDE1C17C8BA00308A5F /* main.cpp */,
				E3248BDB1C17C8AF00308A5F /* main.hpp */,
				C486A0C31C238CFC00FF41C8 /* reascript.hpp */,
				C4DED3B61C20E16B00275B4A /* utilfuncs.cpp */,
				C486064C1C1A3C4000186D68 /* resource.h */,
				C484E69F1C1BB435005C6CCC /* utilfuncs.h */,
				E3EAC6781C1C989900F619AA /* library */,
				E3EAC6761C1C989600F619AA /* header */,
				E3EAC6771C1C989700F619AA /* source */,
				C47931651BE9799D00C024D1 /* Products */,
			);
			sourceTree = "<group>";
			usesTabs = 1;
		};
		C47931651BE9799D00C024D1 /* Products */ = {
			isa = PBXGroup;
			children = (
				E3E1DB161C18C67100D648F5 /* reaper_MyReaperPlugin.dylib */,
			);
			name = Products;
			sourceTree = "<group>";
		};
		E3EAC6761C1C989600F619AA /* header */ = {
			isa = PBXGroup;
			children = (
				C4A980EF1C41D9E300532AF5 /* mrp_audioaccessor.h */,
				C442007F1C2139C100CFE1B2 /* reaper_function_helper.h */,
				C4DED3BA1C20EA9000275B4A /* reaper_action_helper.h */,
				C4C574201C1F87D900A1CE31 /* lice_control.h */,
				C4A793BE1C28F59000C60DC9 /* mylicecontrols.h */,
				C4C79FAC1C2EA84300D83955 /* mrpwincontrols.h */,
				C477BA3D1C2AC74500113894 /* mrpwindows.h */,
				C43CE9AA1C2CDB4B00315BC9 /* mrpexamplewindows.h */,
				C464FFCA1C2E1E910023C734 /* mrp_pcm_source.h */,
				C42AC6CE1C274B6A00FAE97E /* reascriptgui.h */,
				E3EAC67F1C1C99E500F619AA /* MyFirstClass.hpp */,
				C4C6FAAC1C3F19D100269A5A /* xendynamicsprocessor.h */,
			);
			name = header;
			sourceTree = "<group>";
		};
		E3EAC6771C1C989700F619AA /* source */ = {
			isa = PBXGroup;
			children = (
				C442007D1C2139AD00CFE1B2 /* reaper_function_helper.cpp */,
				C4DED3BB1C20EB2B00275B4A /* reaper_action_helper.cpp */,
				C4A793C01C28F59900C60DC9 /* lice_control.cpp */,
				C464FFCC1C2E1E9F0023C734 /* mrp_pcm_source.cpp */,
				C4C6FAAA1C3F19C300269A5A /* xendynamicprocessor.cpp */,
				C4A03C001C2A4A58009E1DC3 /* mrpwindows.cpp */,
				C4A03BFE1C2A2A6A009E1DC3 /* mrpwincontrols.cpp */,
				C43CE9AC1C2CDB5500315BC9 /* mrpexamplewindows.cpp */,
				C4A793C21C28F5DE00C60DC9 /* mylicecontrols.cpp */,
				C42AC6D01C274B7500FAE97E /* reascriptgui.cpp */,
				E3EAC67D1C1C99D800F619AA /* MyFirstClass.cpp */,
			);
			name = source;
			sourceTree = "<group>";
		};
		E3EAC6781C1C989900F619AA /* library */ = {
			isa = PBXGroup;
			children = (
				E3EAC6861C1C9C5A00F619AA /* reaper_plugin */,
				E3EAC67A1C1C98D200F619AA /* WDL */,
			);
			name = library;
			sourceTree = "<group>";
		};
		E3EAC67A1C1C98D200F619AA /* WDL */ = {
			isa = PBXGroup;
			children = (
				C49593F01C4EFCA0007C6C9B /* httpget.cpp */,
				C49593F41C4EFCD1007C6C9B /* asyncdns.cpp */,
				C49593F21C4EFCB7007C6C9B /* connection.cpp */,
				C49593F81C4EFD1A007C6C9B /* util.cpp */,
				C49593F61C4EFCFD007C6C9B /* listen.cpp */,
				E3EAC67C1C1C990100F619AA /* Lice */,
				E3EAC67B1C1C98D700F619AA /* swell */,
			);
			name = WDL;
			sourceTree = "<group>";
		};
		E3EAC67B1C1C98D700F619AA /* swell */ = {
			isa = PBXGroup;
			children = (
				C484E6861C1BAD49005C6CCC /* swell-gdi.mm */,
				C484E6871C1BAD49005C6CCC /* swell-kb.mm */,
				C484E6881C1BAD49005C6CCC /* swell-menu.mm */,
				C484E6891C1BAD49005C6CCC /* swell-misc.mm */,
				C484E68A1C1BAD49005C6CCC /* swell-miscdlg.mm */,
				C484E68B1C1BAD49005C6CCC /* swell-wnd.mm */,
				C484E68C1C1BAD49005C6CCC /* swell.cpp */,
				C484E6851C1BAD49005C6CCC /* swell-dlg.mm */,
			);
			name = swell;
			sourceTree = "<group>";
		};
		E3EAC67C1C1C990100F619AA /* Lice */ = {
			isa = PBXGroup;
			children = (
				C484E6971C1BAE94005C6CCC /* lice_arc.cpp */,
				C42AC6D21C27AB1D00FAE97E /* lice_textnew.cpp */,
				C484E6981C1BAE94005C6CCC /* lice_line.cpp */,
				C484E6991C1BAE94005C6CCC /* lice.cpp */,
			);
			name = Lice;
			sourceTree = "<group>";
		};
		E3EAC6861C1C9C5A00F619AA /* reaper_plugin */ = {
			isa = PBXGroup;
			children = (
				C406994F1C39B34300E445F7 /* reaper_plugin_functions.h */,
				C406994D1C39B33800E445F7 /* reaper_plugin.h */,
			);
			name = reaper_plugin;
			sourceTree = "<group>";
		};
/* End PBXGroup section */

/* Begin PBXHeadersBuildPhase section */
		E3E1DB0F1C18C67100D648F5 /* Headers */ = {
			isa = PBXHeadersBuildPhase;
			buildActionMask = 2147483647;
			files = (
				C486A0C41C238CFC00FF41C8 /* reascript.hpp in Headers */,
				C486064D1C1A3C4000186D68 /* resource.h in Headers */,
				C406994E1C39B33800E445F7 /* reaper_plugin.h in Headers */,
				C464FFCB1C2E1E910023C734 /* mrp_pcm_source.h in Headers */,
				C4C79FAD1C2EA84300D83955 /* mrpwincontrols.h in Headers */,
				C42AC6CF1C274B6A00FAE97E /* reascriptgui.h in Headers */,
				C4C574211C1F87D900A1CE31 /* lice_control.h in Headers */,
				E3EAC6801C1C99E500F619AA /* MyFirstClass.hpp in Headers */,
				C40699501C39B34300E445F7 /* reaper_plugin_functions.h in Headers */,
				C4C6FAAD1C3F19D100269A5A /* xendynamicsprocessor.h in Headers */,
				C43CE9AB1C2CDB4B00315BC9 /* mrpexamplewindows.h in Headers */,
				C4A793BF1C28F59000C60DC9 /* mylicecontrols.h in Headers */,
				C4A980F01C41D9E300532AF5 /* mrp_audioaccessor.h in Headers */,
				E3E1DB111C18C67100D648F5 /* main.hpp in Headers */,
				C477BA3E1C2AC74500113894 /* mrpwindows.h in Headers */,
				C44200801C2139C100CFE1B2 /* reaper_function_helper.h in Headers */,
			);
			runOnlyForDeploymentPostprocessing = 0;
		};
/* End PBXHeadersBuildPhase section */

/* Begin PBXNativeTarget section */
		E3E1DB0B1C18C67100D648F5 /* reaper_MyReaperPlugin */ = {
			isa = PBXNativeTarget;
			buildConfigurationList = E3E1DB131C18C67100D648F5 /* Build configuration list for PBXNativeTarget "reaper_MyReaperPlugin" */;
			buildPhases = (
				E3E1DB0C1C18C67100D648F5 /* Sources */,
				E3E1DB0E1C18C67100D648F5 /* Frameworks */,
				E3E1DB0F1C18C67100D648F5 /* Headers */,
			);
			buildRules = (
			);
			dependencies = (
			);
			name = reaper_MyReaperPlugin;
			productName = reaper_example_plugin;
			productReference = E3E1DB161C18C67100D648F5 /* reaper_MyReaperPlugin.dylib */;
			productType = "com.apple.product-type.library.dynamic";
		};
/* End PBXNativeTarget section */

/* Begin PBXProject section */
		C479315C1BE9799D00C024D1 /* Project object */ = {
			isa = PBXProject;
			attributes = {
				LastUpgradeCheck = 0710;
				ORGANIZATIONNAME = "My Company";
			};
			buildConfigurationList = C479315F1BE9799D00C024D1 /* Build configuration list for PBXProject "MyReaperPlugin" */;
			compatibilityVersion = "Xcode 3.2";
			developmentRegion = English;
			hasScannedForEncodings = 0;
			knownRegions = (
				en,
			);
			mainGroup = C479315B1BE9799D00C024D1;
			productRefGroup = C47931651BE9799D00C024D1 /* Products */;
			projectDirPath = "";
			projectRoot = "";
			targets = (
				E3E1DB0B1C18C67100D648F5 /* reaper_MyReaperPlugin */,
			);
		};
/* End PBXProject section */

/* Begin PBXSourcesBuildPhase section */
		E3E1DB0C1C18C67100D648F5 /* Sources */ = {
			isa = PBXSourcesBuildPhase;
			buildActionMask = 2147483647;
			files = (
				C4DED3B71C20E16B00275B4A /* utilfuncs.cpp in Sources */,
				C484E6931C1BAD49005C6CCC /* swell-wnd.mm in Sources */,
				C442007E1C2139AD00CFE1B2 /* reaper_function_helper.cpp in Sources */,
				C484E6941C1BAD49005C6CCC /* swell.cpp in Sources */,
				C42AC6D11C274B7500FAE97E /* reascriptgui.cpp in Sources */,
				C49593F31C4EFCB7007C6C9B /* connection.cpp in Sources */,
				C4DED3BC1C20EB2B00275B4A /* reaper_action_helper.cpp in Sources */,
				C484E68E1C1BAD49005C6CCC /* swell-gdi.mm in Sources */,
				C43CE9AD1C2CDB5500315BC9 /* mrpexamplewindows.cpp in Sources */,
				E3EAC67E1C1C99D800F619AA /* MyFirstClass.cpp in Sources */,
				C49593F71C4EFCFD007C6C9B /* listen.cpp in Sources */,
				C464FFCD1C2E1E9F0023C734 /* mrp_pcm_source.cpp in Sources */,
				C4A03BFF1C2A2A6A009E1DC3 /* mrpwincontrols.cpp in Sources */,
				C484E69A1C1BAE94005C6CCC /* lice_arc.cpp in Sources */,
				C4C6FAAB1C3F19C300269A5A /* xendynamicprocessor.cpp in Sources */,
				C4A793C31C28F5DE00C60DC9 /* mylicecontrols.cpp in Sources */,
				C4A793C11C28F59900C60DC9 /* lice_control.cpp in Sources */,
				C49593F51C4EFCD1007C6C9B /* asyncdns.cpp in Sources */,
				C484E68D1C1BAD49005C6CCC /* swell-dlg.mm in Sources */,
				C484E6901C1BAD49005C6CCC /* swell-menu.mm in Sources */,
				C42AC6D31C27AB1D00FAE97E /* lice_textnew.cpp in Sources */,
				C484E68F1C1BAD49005C6CCC /* swell-kb.mm in Sources */,
				C4A03C011C2A4A58009E1DC3 /* mrpwindows.cpp in Sources */,
				C49593F91C4EFD1A007C6C9B /* util.cpp in Sources */,
				C49593F11C4EFCA0007C6C9B /* httpget.cpp in Sources */,
				C484E6911C1BAD49005C6CCC /* swell-misc.mm in Sources */,
				C484E69C1C1BAE94005C6CCC /* lice.cpp in Sources */,
				C484E69B1C1BAE94005C6CCC /* lice_line.cpp in Sources */,
				E3E1DB0D1C18C67100D648F5 /* main.cpp in Sources */,
				C484E6921C1BAD49005C6CCC /* swell-miscdlg.mm in Sources */,
			);
			runOnlyForDeploymentPostprocessing = 0;
		};
/* End PBXSourcesBuildPhase section */

/* Begin XCBuildConfiguration section */
		C47931761BE9799D00C024D1 /* Debug */ = {
			isa = XCBuildConfiguration;
			buildSettings = {
				ALWAYS_SEARCH_USER_PATHS = YES;
				ARCHS = "$(ARCHS_STANDARD_32_64_BIT)";
				CLANG_CXX_LANGUAGE_STANDARD = "c++14";
				CLANG_CXX_LIBRARY = "libc++";
				CLANG_ENABLE_MODULES = YES;
				CLANG_ENABLE_OBJC_ARC = NO;
				CLANG_WARN_BOOL_CONVERSION = YES;
				CLANG_WARN_CONSTANT_CONVERSION = YES;
				CLANG_WARN_DIRECT_OBJC_ISA_USAGE = YES_ERROR;
				CLANG_WARN_EMPTY_BODY = YES;
				CLANG_WARN_ENUM_CONVERSION = YES;
				CLANG_WARN_INT_CONVERSION = YES;
				CLANG_WARN_OBJC_ROOT_CLASS = YES_ERROR;
				CLANG_WARN_UNREACHABLE_CODE = YES;
				CLANG_WARN__DUPLICATE_METHOD_MATCH = YES;
				COPY_PHASE_STRIP = NO;
				DEBUG_INFORMATION_FORMAT = dwarf;
				DEPLOYMENT_LOCATION = YES;
				DSTROOT = "~/Library/Application Support/REAPER/UserPlugins";
				DYLIB_INSTALL_NAME_BASE = /;
				ENABLE_STRICT_OBJC_MSGSEND = YES;
				ENABLE_TESTABILITY = YES;
				EXECUTABLE_PREFIX = /;
				GCC_C_LANGUAGE_STANDARD = gnu99;
				GCC_DYNAMIC_NO_PIC = NO;
				GCC_NO_COMMON_BLOCKS = YES;
				GCC_OPTIMIZATION_LEVEL = 0;
				GCC_PREPROCESSOR_DEFINITIONS = (
					NOMINMAX,
					REAPERAPI_NO_LICE,
				);
				GCC_SYMBOLS_PRIVATE_EXTERN = NO;
				GCC_WARN_64_TO_32_BIT_CONVERSION = NO;
				GCC_WARN_ABOUT_RETURN_TYPE = YES_ERROR;
				GCC_WARN_UNDECLARED_SELECTOR = YES;
				GCC_WARN_UNINITIALIZED_AUTOS = YES_AGGRESSIVE;
				GCC_WARN_UNUSED_FUNCTION = YES;
				GCC_WARN_UNUSED_VARIABLE = YES;
				HEADER_SEARCH_PATHS = (
					$SRCROOT/../header,
					$SRCROOT/../source,
					$SRCROOT/../library,
					$SRCROOT/../library/WDL/WDL/swell,
					$SRCROOT/../,
					$SRCROOT,
				);
				INSTALL_PATH = /;
				LD_DYLIB_INSTALL_NAME = reaper_MyReaperPlugin.dylib;
				LIBRARY_SEARCH_PATHS = "";
				MACH_O_TYPE = mh_dylib;
				MACOSX_DEPLOYMENT_TARGET = 10.7;
				MTL_ENABLE_DEBUG_INFO = YES;
				STRIP_INSTALLED_PRODUCT = NO;
			};
			name = Debug;
		};
		C47931771BE9799D00C024D1 /* Release */ = {
			isa = XCBuildConfiguration;
			buildSettings = {
				ALWAYS_SEARCH_USER_PATHS = YES;
				ARCHS = "$(ARCHS_STANDARD_32_64_BIT)";
				CLANG_CXX_LANGUAGE_STANDARD = "c++14";
				CLANG_CXX_LIBRARY = "libc++";
				CLANG_ENABLE_MODULES = YES;
				CLANG_ENABLE_OBJC_ARC = NO;
				CLANG_WARN_BOOL_CONVERSION = YES;
				CLANG_WARN_CONSTANT_CONVERSION = YES;
				CLANG_WARN_DIRECT_OBJC_ISA_USAGE = YES_ERROR;
				CLANG_WARN_EMPTY_BODY = YES;
				CLANG_WARN_ENUM_CONVERSION = YES;
				CLANG_WARN_INT_CONVERSION = YES;
				CLANG_WARN_OBJC_ROOT_CLASS = YES_ERROR;
				CLANG_WARN_UNREACHABLE_CODE = YES;
				CLANG_WARN__DUPLICATE_METHOD_MATCH = YES;
				COPY_PHASE_STRIP = NO;
				DEBUG_INFORMATION_FORMAT = "dwarf-with-dsym";
				DEPLOYMENT_LOCATION = YES;
				DSTROOT = "~/Library/Application Support/REAPER/UserPlugins";
				DYLIB_INSTALL_NAME_BASE = /;
				ENABLE_NS_ASSERTIONS = NO;
				ENABLE_STRICT_OBJC_MSGSEND = YES;
				EXECUTABLE_PREFIX = /;
				GCC_C_LANGUAGE_STANDARD = gnu99;
				GCC_NO_COMMON_BLOCKS = YES;
				GCC_PREPROCESSOR_DEFINITIONS = (
					NOMINMAX,
					REAPERAPI_NO_LICE,
				);
				GCC_WARN_64_TO_32_BIT_CONVERSION = NO;
				GCC_WARN_ABOUT_RETURN_TYPE = YES_ERROR;
				GCC_WARN_UNDECLARED_SELECTOR = YES;
				GCC_WARN_UNINITIALIZED_AUTOS = YES_AGGRESSIVE;
				GCC_WARN_UNUSED_FUNCTION = YES;
				GCC_WARN_UNUSED_VARIABLE = YES;
				HEADER_SEARCH_PATHS = (
					$SRCROOT/../header,
					$SRCROOT/../source,
					$SRCROOT/../library,
					$SRCROOT/../library/WDL/WDL/swell,
					$SRCROOT/../,
					$SRCROOT,
				);
				INSTALL_PATH = /;
				LD_DYLIB_INSTALL_NAME = reaper_MyReaperPlugin.dylib;
				LIBRARY_SEARCH_PATHS = "";
				MACH_O_TYPE = mh_dylib;
				MACOSX_DEPLOYMENT_TARGET = 10.7;
				MTL_ENABLE_DEBUG_INFO = NO;
				STRIP_INSTALLED_PRODUCT = NO;
			};
			name = Release;
		};
		E3E1DB141C18C67100D648F5 /* Debug */ = {
			isa = XCBuildConfiguration;
			buildSettings = {
				COMBINE_HIDPI_IMAGES = YES;
				DYLIB_COMPATIBILITY_VERSION = 1;
				DYLIB_CURRENT_VERSION = 1;
				DYLIB_INSTALL_NAME_BASE = /;
				EXECUTABLE_PREFIX = "";
				GCC_WARN_UNUSED_FUNCTION = NO;
				LD_DYLIB_INSTALL_NAME = "$(TARGET_NAME).dylib";
				PRODUCT_MODULE_NAME = "$(PRODUCT_NAME)";
				PRODUCT_NAME = "$(TARGET_NAME)";
			};
			name = Debug;
		};
		E3E1DB151C18C67100D648F5 /* Release */ = {
			isa = XCBuildConfiguration;
			buildSettings = {
				COMBINE_HIDPI_IMAGES = YES;
				DYLIB_COMPATIBILITY_VERSION = 1;
				DYLIB_CURRENT_VERSION = 1;
				DYLIB_INSTALL_NAME_BASE = /;
				EXECUTABLE_PREFIX = "";
				GCC_WARN_UNUSED_FUNCTION = NO;
				LD_DYLIB_INSTALL_NAME = "$(TARGET_NAME).dylib";
				PRODUCT_MODULE_NAME = "$(PRODUCT_NAME)";
				PRODUCT_NAME = "$(TARGET_NAME)";
			};
			name = Release;
		};
/* End XCBuildConfiguration section */

/* Begin XCConfigurationList section */
		C479315F1BE9799D00C024D1 /* Build configuration list for PBXProject "MyReaperPlugin" */ = {
			isa = XCConfigurationList;
			buildConfigurations = (
				C47931761BE9799D00C024D1 /* Debug */,
				C47931771BE9799D00C024D1 /* Release */,
			);
			defaultConfigurationIsVisible = 0;
			defaultConfigurationName = Debug;
		};
		E3E1DB131C18C67100D648F5 /* Build configuration list for PBXNativeTarget "reaper_MyReaperPlugin" */ = {
			isa = XCConfigurationList;
			buildConfigurations = (
				E3E1DB141C18C67100D648F5 /* Debug */,
				E3E1DB151C18C67100D648F5 /* Release */,
			);
			defaultConfigurationIsVisible = 0;
			defaultConfigurationName = Debug;
		};
/* End XCConfigurationList section */
	};
	rootObject = C479315C1BE9799D00C024D1 /* Project object */;
}
